
Microsoft Visual Studio Solution File, Format Version 12.00
# Visual Studio Version 16
VisualStudioVersion = 16.0.30711.63
MinimumVisualStudioVersion = 10.0.40219.1
Project("{FAE04EC0-301F-11D3-BF4B-00C04F79EFBC}") = "lab16", "lab16\lab16.csproj", "{0F017BE0-1575-495E-9BB6-DAFA03376182}"
EndProject
Global
	GlobalSection(SolutionConfigurationPlatforms) = preSolution
		Debug|Any CPU = Debug|Any CPU
		Release|Any CPU = Release|Any CPU
	EndGlobalSection
	GlobalSection(ProjectConfigurationPlatforms) = postSolution
		{0F017BE0-1575-495E-9BB6-DAFA03376182}.Debug|Any CPU.ActiveCfg = Debug|Any CPU
		{0F017BE0-1575-495E-9BB6-DAFA03376182}.Debug|Any CPU.Build.0 = Debug|Any CPU
		{0F017BE0-1575-495E-9BB6-DAFA03376182}.Release|Any CPU.ActiveCfg = Release|Any CPU
		{0F017BE0-1575-495E-9BB6-DAFA03376182}.Release|Any CPU.Build.0 = Release|Any CPU
	EndGlobalSection
	GlobalSection(SolutionProperties) = preSolution
		HideSolutionNode = FALSE
	EndGlobalSection
	GlobalSection(ExtensibilityGlobals) = postSolution
		SolutionGuid = {E70C223D-E334-4A85-8929-A3BC0C8B819A}
	EndGlobalSection
EndGlobal
