
Microsoft Visual Studio Solution File, Format Version 12.00
# Visual Studio Version 16
VisualStudioVersion = 16.0.30711.63
MinimumVisualStudioVersion = 10.0.40219.1
Project("{FAE04EC0-301F-11D3-BF4B-00C04F79EFBC}") = "lab15", "lab15\lab15.csproj", "{844D7A5B-A16D-4F1B-875C-A4398CB5F930}"
EndProject
Global
	GlobalSection(SolutionConfigurationPlatforms) = preSolution
		Debug|Any CPU = Debug|Any CPU
		Release|Any CPU = Release|Any CPU
	EndGlobalSection
	GlobalSection(ProjectConfigurationPlatforms) = postSolution
		{844D7A5B-A16D-4F1B-875C-A4398CB5F930}.Debug|Any CPU.ActiveCfg = Debug|Any CPU
		{844D7A5B-A16D-4F1B-875C-A4398CB5F930}.Debug|Any CPU.Build.0 = Debug|Any CPU
		{844D7A5B-A16D-4F1B-875C-A4398CB5F930}.Release|Any CPU.ActiveCfg = Release|Any CPU
		{844D7A5B-A16D-4F1B-875C-A4398CB5F930}.Release|Any CPU.Build.0 = Release|Any CPU
	EndGlobalSection
	GlobalSection(SolutionProperties) = preSolution
		HideSolutionNode = FALSE
	EndGlobalSection
	GlobalSection(ExtensibilityGlobals) = postSolution
		SolutionGuid = {2E2F70A6-1AC8-4875-B6EE-802F24B32DFB}
	EndGlobalSection
EndGlobal
