
Microsoft Visual Studio Solution File, Format Version 12.00
# Visual Studio Version 16
VisualStudioVersion = 16.0.30611.23
MinimumVisualStudioVersion = 10.0.40219.1
Project("{FAE04EC0-301F-11D3-BF4B-00C04F79EFBC}") = "lab11", "lab11\lab11.csproj", "{7D6709B1-C946-4BAD-B7F8-E23FDB5C17B9}"
EndProject
Global
	GlobalSection(SolutionConfigurationPlatforms) = preSolution
		Debug|Any CPU = Debug|Any CPU
		Release|Any CPU = Release|Any CPU
	EndGlobalSection
	GlobalSection(ProjectConfigurationPlatforms) = postSolution
		{7D6709B1-C946-4BAD-B7F8-E23FDB5C17B9}.Debug|Any CPU.ActiveCfg = Debug|Any CPU
		{7D6709B1-C946-4BAD-B7F8-E23FDB5C17B9}.Debug|Any CPU.Build.0 = Debug|Any CPU
		{7D6709B1-C946-4BAD-B7F8-E23FDB5C17B9}.Release|Any CPU.ActiveCfg = Release|Any CPU
		{7D6709B1-C946-4BAD-B7F8-E23FDB5C17B9}.Release|Any CPU.Build.0 = Release|Any CPU
	EndGlobalSection
	GlobalSection(SolutionProperties) = preSolution
		HideSolutionNode = FALSE
	EndGlobalSection
	GlobalSection(ExtensibilityGlobals) = postSolution
		SolutionGuid = {92C4F9B2-C433-46A5-BD24-4BC39E00C145}
	EndGlobalSection
EndGlobal
