
Microsoft Visual Studio Solution File, Format Version 12.00
# Visual Studio Version 16
VisualStudioVersion = 16.0.30523.141
MinimumVisualStudioVersion = 10.0.40219.1
Project("{FAE04EC0-301F-11D3-BF4B-00C04F79EFBC}") = "lab5_6_7", "lab5_6_7\lab5_6_7.csproj", "{711D4679-ADB6-46B6-9E61-E1BB49E3B76D}"
EndProject
Global
	GlobalSection(SolutionConfigurationPlatforms) = preSolution
		Debug|Any CPU = Debug|Any CPU
		Release|Any CPU = Release|Any CPU
	EndGlobalSection
	GlobalSection(ProjectConfigurationPlatforms) = postSolution
		{711D4679-ADB6-46B6-9E61-E1BB49E3B76D}.Debug|Any CPU.ActiveCfg = Debug|Any CPU
		{711D4679-ADB6-46B6-9E61-E1BB49E3B76D}.Debug|Any CPU.Build.0 = Debug|Any CPU
		{711D4679-ADB6-46B6-9E61-E1BB49E3B76D}.Release|Any CPU.ActiveCfg = Release|Any CPU
		{711D4679-ADB6-46B6-9E61-E1BB49E3B76D}.Release|Any CPU.Build.0 = Release|Any CPU
	EndGlobalSection
	GlobalSection(SolutionProperties) = preSolution
		HideSolutionNode = FALSE
	EndGlobalSection
	GlobalSection(ExtensibilityGlobals) = postSolution
		SolutionGuid = {476EA71A-7B5E-4940-A84C-BBE994C68251}
	EndGlobalSection
EndGlobal
